
Microsoft Visual Studio Solution File, Format Version 12.00
# Visual Studio Version 17
VisualStudioVersion = 17.6.33801.468
MinimumVisualStudioVersion = 10.0.40219.1
Project("{FAE04EC0-301F-11D3-BF4B-00C04F79EFBC}") = "ConsoleApp8", "ConsoleApp8.csproj", "{7D13B22F-5434-4450-96E5-C908D5AF9B2F}"
EndProject
Global
	GlobalSection(SolutionConfigurationPlatforms) = preSolution
		Debug|Any CPU = Debug|Any CPU
		Release|Any CPU = Release|Any CPU
	EndGlobalSection
	GlobalSection(ProjectConfigurationPlatforms) = postSolution
		{7D13B22F-5434-4450-96E5-C908D5AF9B2F}.Debug|Any CPU.ActiveCfg = Debug|Any CPU
		{7D13B22F-5434-4450-96E5-C908D5AF9B2F}.Debug|Any CPU.Build.0 = Debug|Any CPU
		{7D13B22F-5434-4450-96E5-C908D5AF9B2F}.Release|Any CPU.ActiveCfg = Release|Any CPU
		{7D13B22F-5434-4450-96E5-C908D5AF9B2F}.Release|Any CPU.Build.0 = Release|Any CPU
	EndGlobalSection
	GlobalSection(SolutionProperties) = preSolution
		HideSolutionNode = FALSE
	EndGlobalSection
	GlobalSection(ExtensibilityGlobals) = postSolution
		SolutionGuid = {B74632B1-AE83-4B6D-925D-B050712A0F4A}
	EndGlobalSection
EndGlobal
